
Microsoft Visual Studio Solution File, Format Version 12.00
# Visual Studio Version 17
VisualStudioVersion = 17.8.34309.116
MinimumVisualStudioVersion = 10.0.40219.1
Project("{FAE04EC0-301F-11D3-BF4B-00C04F79EFBC}") = "soru3__cozum", "soru3__cozum\soru3__cozum.csproj", "{54AABA8B-F62F-40E0-9422-CEBABCDC3903}"
EndProject
Global
	GlobalSection(SolutionConfigurationPlatforms) = preSolution
		Debug|Any CPU = Debug|Any CPU
		Release|Any CPU = Release|Any CPU
	EndGlobalSection
	GlobalSection(ProjectConfigurationPlatforms) = postSolution
		{54AABA8B-F62F-40E0-9422-CEBABCDC3903}.Debug|Any CPU.ActiveCfg = Debug|Any CPU
		{54AABA8B-F62F-40E0-9422-CEBABCDC3903}.Debug|Any CPU.Build.0 = Debug|Any CPU
		{54AABA8B-F62F-40E0-9422-CEBABCDC3903}.Release|Any CPU.ActiveCfg = Release|Any CPU
		{54AABA8B-F62F-40E0-9422-CEBABCDC3903}.Release|Any CPU.Build.0 = Release|Any CPU
	EndGlobalSection
	GlobalSection(SolutionProperties) = preSolution
		HideSolutionNode = FALSE
	EndGlobalSection
	GlobalSection(ExtensibilityGlobals) = postSolution
		SolutionGuid = {23C0F7E3-3C23-4AA1-952D-17DEA209FD21}
	EndGlobalSection
EndGlobal
